
Microsoft Visual Studio Solution File, Format Version 12.00
# Visual Studio 14
VisualStudioVersion = 14.0.22609.0
MinimumVisualStudioVersion = 10.0.40219.1
Project("{FAE04EC0-301F-11D3-BF4B-00C04F79EFBC}") = "UpdateCardDatabase", "UpdateCardDatabase\UpdateCardDatabase.csproj", "{031D4488-E2FF-4C3A-A8C7-5FAC88293070}"
EndProject
Project("{FAE04EC0-301F-11D3-BF4B-00C04F79EFBC}") = "MagicFileFormats.UnitTests", "MagicFileFormats.UnitTests\MagicFileFormats.UnitTests.csproj", "{108800B0-B51A-4B78-92E3-97C939024AB6}"
EndProject
Project("{FAE04EC0-301F-11D3-BF4B-00C04F79EFBC}") = "MyMagicCollection.Caliburn", "MyMagicCollection.Caliburn\MyMagicCollection.Caliburn.csproj", "{15177F26-D8E9-479C-A49C-219265A2BCF6}"
EndProject
Project("{FAE04EC0-301F-11D3-BF4B-00C04F79EFBC}") = "MagicLibrary", "MagicLibrary\MagicLibrary.csproj", "{43C3AF0C-505B-4C22-B6D8-3C41F909749A}"
EndProject
Project("{FAE04EC0-301F-11D3-BF4B-00C04F79EFBC}") = "MyMagicCollection.Shared", "MyMagicCollection.Shared\MyMagicCollection.Shared.csproj", "{1F52765D-DC89-4F1D-A155-FDA2C7133E2A}"
EndProject
Project("{FAE04EC0-301F-11D3-BF4B-00C04F79EFBC}") = "MyMagicCollection.mvc", "MyMagicCollection.mvc\MyMagicCollection.mvc.csproj", "{1B4D7859-402A-4457-B30F-8A86D77E9B04}"
EndProject
Project("{FAE04EC0-301F-11D3-BF4B-00C04F79EFBC}") = "MyMagicCollection.UnitTests", "MyMagicCollection.UnitTests\MyMagicCollection.UnitTests.csproj", "{D6185685-2687-4EE6-A382-9385C8034824}"
EndProject
Project("{8BB2217D-0F2D-49D1-97BC-3654ED321F3B}") = "MyMagicCollection.vnext", "MyMagicCollection.vnext\MyMagicCollection.vnext.kproj", "{45913C25-E2F9-47BE-A892-0CCCD546182C}"
EndProject
Global
	GlobalSection(SolutionConfigurationPlatforms) = preSolution
		Debug|Any CPU = Debug|Any CPU
		Debug|ARM = Debug|ARM
		Debug|x64 = Debug|x64
		Debug|x86 = Debug|x86
		Release|Any CPU = Release|Any CPU
		Release|ARM = Release|ARM
		Release|x64 = Release|x64
		Release|x86 = Release|x86
	EndGlobalSection
	GlobalSection(ProjectConfigurationPlatforms) = postSolution
		{031D4488-E2FF-4C3A-A8C7-5FAC88293070}.Debug|Any CPU.ActiveCfg = Debug|Any CPU
		{031D4488-E2FF-4C3A-A8C7-5FAC88293070}.Debug|Any CPU.Build.0 = Debug|Any CPU
		{031D4488-E2FF-4C3A-A8C7-5FAC88293070}.Debug|ARM.ActiveCfg = Debug|Any CPU
		{031D4488-E2FF-4C3A-A8C7-5FAC88293070}.Debug|ARM.Build.0 = Debug|Any CPU
		{031D4488-E2FF-4C3A-A8C7-5FAC88293070}.Debug|x64.ActiveCfg = Debug|Any CPU
		{031D4488-E2FF-4C3A-A8C7-5FAC88293070}.Debug|x64.Build.0 = Debug|Any CPU
		{031D4488-E2FF-4C3A-A8C7-5FAC88293070}.Debug|x86.ActiveCfg = Debug|Any CPU
		{031D4488-E2FF-4C3A-A8C7-5FAC88293070}.Debug|x86.Build.0 = Debug|Any CPU
		{031D4488-E2FF-4C3A-A8C7-5FAC88293070}.Release|Any CPU.ActiveCfg = Release|Any CPU
		{031D4488-E2FF-4C3A-A8C7-5FAC88293070}.Release|Any CPU.Build.0 = Release|Any CPU
		{031D4488-E2FF-4C3A-A8C7-5FAC88293070}.Release|ARM.ActiveCfg = Release|Any CPU
		{031D4488-E2FF-4C3A-A8C7-5FAC88293070}.Release|ARM.Build.0 = Release|Any CPU
		{031D4488-E2FF-4C3A-A8C7-5FAC88293070}.Release|x64.ActiveCfg = Release|Any CPU
		{031D4488-E2FF-4C3A-A8C7-5FAC88293070}.Release|x64.Build.0 = Release|Any CPU
		{031D4488-E2FF-4C3A-A8C7-5FAC88293070}.Release|x86.ActiveCfg = Release|Any CPU
		{031D4488-E2FF-4C3A-A8C7-5FAC88293070}.Release|x86.Build.0 = Release|Any CPU
		{108800B0-B51A-4B78-92E3-97C939024AB6}.Debug|Any CPU.ActiveCfg = Debug|Any CPU
		{108800B0-B51A-4B78-92E3-97C939024AB6}.Debug|Any CPU.Build.0 = Debug|Any CPU
		{108800B0-B51A-4B78-92E3-97C939024AB6}.Debug|ARM.ActiveCfg = Debug|Any CPU
		{108800B0-B51A-4B78-92E3-97C939024AB6}.Debug|ARM.Build.0 = Debug|Any CPU
		{108800B0-B51A-4B78-92E3-97C939024AB6}.Debug|x64.ActiveCfg = Debug|Any CPU
		{108800B0-B51A-4B78-92E3-97C939024AB6}.Debug|x64.Build.0 = Debug|Any CPU
		{108800B0-B51A-4B78-92E3-97C939024AB6}.Debug|x86.ActiveCfg = Debug|Any CPU
		{108800B0-B51A-4B78-92E3-97C939024AB6}.Debug|x86.Build.0 = Debug|Any CPU
		{108800B0-B51A-4B78-92E3-97C939024AB6}.Release|Any CPU.ActiveCfg = Release|Any CPU
		{108800B0-B51A-4B78-92E3-97C939024AB6}.Release|Any CPU.Build.0 = Release|Any CPU
		{108800B0-B51A-4B78-92E3-97C939024AB6}.Release|ARM.ActiveCfg = Release|Any CPU
		{108800B0-B51A-4B78-92E3-97C939024AB6}.Release|ARM.Build.0 = Release|Any CPU
		{108800B0-B51A-4B78-92E3-97C939024AB6}.Release|x64.ActiveCfg = Release|Any CPU
		{108800B0-B51A-4B78-92E3-97C939024AB6}.Release|x64.Build.0 = Release|Any CPU
		{108800B0-B51A-4B78-92E3-97C939024AB6}.Release|x86.ActiveCfg = Release|Any CPU
		{108800B0-B51A-4B78-92E3-97C939024AB6}.Release|x86.Build.0 = Release|Any CPU
		{15177F26-D8E9-479C-A49C-219265A2BCF6}.Debug|Any CPU.ActiveCfg = Debug|Any CPU
		{15177F26-D8E9-479C-A49C-219265A2BCF6}.Debug|ARM.ActiveCfg = Debug|Any CPU
		{15177F26-D8E9-479C-A49C-219265A2BCF6}.Debug|ARM.Build.0 = Debug|Any CPU
		{15177F26-D8E9-479C-A49C-219265A2BCF6}.Debug|x64.ActiveCfg = Debug|Any CPU
		{15177F26-D8E9-479C-A49C-219265A2BCF6}.Debug|x64.Build.0 = Debug|Any CPU
		{15177F26-D8E9-479C-A49C-219265A2BCF6}.Debug|x86.ActiveCfg = Debug|Any CPU
		{15177F26-D8E9-479C-A49C-219265A2BCF6}.Debug|x86.Build.0 = Debug|Any CPU
		{15177F26-D8E9-479C-A49C-219265A2BCF6}.Release|Any CPU.ActiveCfg = Release|Any CPU
		{15177F26-D8E9-479C-A49C-219265A2BCF6}.Release|Any CPU.Build.0 = Release|Any CPU
		{15177F26-D8E9-479C-A49C-219265A2BCF6}.Release|ARM.ActiveCfg = Release|Any CPU
		{15177F26-D8E9-479C-A49C-219265A2BCF6}.Release|ARM.Build.0 = Release|Any CPU
		{15177F26-D8E9-479C-A49C-219265A2BCF6}.Release|x64.ActiveCfg = Release|Any CPU
		{15177F26-D8E9-479C-A49C-219265A2BCF6}.Release|x64.Build.0 = Release|Any CPU
		{15177F26-D8E9-479C-A49C-219265A2BCF6}.Release|x86.ActiveCfg = Release|Any CPU
		{15177F26-D8E9-479C-A49C-219265A2BCF6}.Release|x86.Build.0 = Release|Any CPU
		{43C3AF0C-505B-4C22-B6D8-3C41F909749A}.Debug|Any CPU.ActiveCfg = Debug|Any CPU
		{43C3AF0C-505B-4C22-B6D8-3C41F909749A}.Debug|Any CPU.Build.0 = Debug|Any CPU
		{43C3AF0C-505B-4C22-B6D8-3C41F909749A}.Debug|ARM.ActiveCfg = Debug|Any CPU
		{43C3AF0C-505B-4C22-B6D8-3C41F909749A}.Debug|ARM.Build.0 = Debug|Any CPU
		{43C3AF0C-505B-4C22-B6D8-3C41F909749A}.Debug|x64.ActiveCfg = Debug|Any CPU
		{43C3AF0C-505B-4C22-B6D8-3C41F909749A}.Debug|x64.Build.0 = Debug|Any CPU
		{43C3AF0C-505B-4C22-B6D8-3C41F909749A}.Debug|x86.ActiveCfg = Debug|Any CPU
		{43C3AF0C-505B-4C22-B6D8-3C41F909749A}.Debug|x86.Build.0 = Debug|Any CPU
		{43C3AF0C-505B-4C22-B6D8-3C41F909749A}.Release|Any CPU.ActiveCfg = Release|Any CPU
		{43C3AF0C-505B-4C22-B6D8-3C41F909749A}.Release|Any CPU.Build.0 = Release|Any CPU
		{43C3AF0C-505B-4C22-B6D8-3C41F909749A}.Release|ARM.ActiveCfg = Release|Any CPU
		{43C3AF0C-505B-4C22-B6D8-3C41F909749A}.Release|ARM.Build.0 = Release|Any CPU
		{43C3AF0C-505B-4C22-B6D8-3C41F909749A}.Release|x64.ActiveCfg = Release|Any CPU
		{43C3AF0C-505B-4C22-B6D8-3C41F909749A}.Release|x64.Build.0 = Release|Any CPU
		{43C3AF0C-505B-4C22-B6D8-3C41F909749A}.Release|x86.ActiveCfg = Release|Any CPU
		{43C3AF0C-505B-4C22-B6D8-3C41F909749A}.Release|x86.Build.0 = Release|Any CPU
		{1F52765D-DC89-4F1D-A155-FDA2C7133E2A}.Debug|Any CPU.ActiveCfg = Debug|Any CPU
		{1F52765D-DC89-4F1D-A155-FDA2C7133E2A}.Debug|Any CPU.Build.0 = Debug|Any CPU
		{1F52765D-DC89-4F1D-A155-FDA2C7133E2A}.Debug|ARM.ActiveCfg = Debug|Any CPU
		{1F52765D-DC89-4F1D-A155-FDA2C7133E2A}.Debug|ARM.Build.0 = Debug|Any CPU
		{1F52765D-DC89-4F1D-A155-FDA2C7133E2A}.Debug|x64.ActiveCfg = Debug|Any CPU
		{1F52765D-DC89-4F1D-A155-FDA2C7133E2A}.Debug|x64.Build.0 = Debug|Any CPU
		{1F52765D-DC89-4F1D-A155-FDA2C7133E2A}.Debug|x86.ActiveCfg = Debug|Any CPU
		{1F52765D-DC89-4F1D-A155-FDA2C7133E2A}.Debug|x86.Build.0 = Debug|Any CPU
		{1F52765D-DC89-4F1D-A155-FDA2C7133E2A}.Release|Any CPU.ActiveCfg = Release|Any CPU
		{1F52765D-DC89-4F1D-A155-FDA2C7133E2A}.Release|Any CPU.Build.0 = Release|Any CPU
		{1F52765D-DC89-4F1D-A155-FDA2C7133E2A}.Release|ARM.ActiveCfg = Release|Any CPU
		{1F52765D-DC89-4F1D-A155-FDA2C7133E2A}.Release|ARM.Build.0 = Release|Any CPU
		{1F52765D-DC89-4F1D-A155-FDA2C7133E2A}.Release|x64.ActiveCfg = Release|Any CPU
		{1F52765D-DC89-4F1D-A155-FDA2C7133E2A}.Release|x64.Build.0 = Release|Any CPU
		{1F52765D-DC89-4F1D-A155-FDA2C7133E2A}.Release|x86.ActiveCfg = Release|Any CPU
		{1F52765D-DC89-4F1D-A155-FDA2C7133E2A}.Release|x86.Build.0 = Release|Any CPU
		{1B4D7859-402A-4457-B30F-8A86D77E9B04}.Debug|Any CPU.ActiveCfg = Debug|Any CPU
		{1B4D7859-402A-4457-B30F-8A86D77E9B04}.Debug|Any CPU.Build.0 = Debug|Any CPU
		{1B4D7859-402A-4457-B30F-8A86D77E9B04}.Debug|ARM.ActiveCfg = Debug|Any CPU
		{1B4D7859-402A-4457-B30F-8A86D77E9B04}.Debug|ARM.Build.0 = Debug|Any CPU
		{1B4D7859-402A-4457-B30F-8A86D77E9B04}.Debug|x64.ActiveCfg = Debug|Any CPU
		{1B4D7859-402A-4457-B30F-8A86D77E9B04}.Debug|x64.Build.0 = Debug|Any CPU
		{1B4D7859-402A-4457-B30F-8A86D77E9B04}.Debug|x86.ActiveCfg = Debug|Any CPU
		{1B4D7859-402A-4457-B30F-8A86D77E9B04}.Debug|x86.Build.0 = Debug|Any CPU
		{1B4D7859-402A-4457-B30F-8A86D77E9B04}.Release|Any CPU.ActiveCfg = Release|Any CPU
		{1B4D7859-402A-4457-B30F-8A86D77E9B04}.Release|Any CPU.Build.0 = Release|Any CPU
		{1B4D7859-402A-4457-B30F-8A86D77E9B04}.Release|ARM.ActiveCfg = Release|Any CPU
		{1B4D7859-402A-4457-B30F-8A86D77E9B04}.Release|ARM.Build.0 = Release|Any CPU
		{1B4D7859-402A-4457-B30F-8A86D77E9B04}.Release|x64.ActiveCfg = Release|Any CPU
		{1B4D7859-402A-4457-B30F-8A86D77E9B04}.Release|x64.Build.0 = Release|Any CPU
		{1B4D7859-402A-4457-B30F-8A86D77E9B04}.Release|x86.ActiveCfg = Release|Any CPU
		{1B4D7859-402A-4457-B30F-8A86D77E9B04}.Release|x86.Build.0 = Release|Any CPU
		{D6185685-2687-4EE6-A382-9385C8034824}.Debug|Any CPU.ActiveCfg = Debug|Any CPU
		{D6185685-2687-4EE6-A382-9385C8034824}.Debug|Any CPU.Build.0 = Debug|Any CPU
		{D6185685-2687-4EE6-A382-9385C8034824}.Debug|ARM.ActiveCfg = Debug|Any CPU
		{D6185685-2687-4EE6-A382-9385C8034824}.Debug|ARM.Build.0 = Debug|Any CPU
		{D6185685-2687-4EE6-A382-9385C8034824}.Debug|x64.ActiveCfg = Debug|Any CPU
		{D6185685-2687-4EE6-A382-9385C8034824}.Debug|x64.Build.0 = Debug|Any CPU
		{D6185685-2687-4EE6-A382-9385C8034824}.Debug|x86.ActiveCfg = Debug|Any CPU
		{D6185685-2687-4EE6-A382-9385C8034824}.Debug|x86.Build.0 = Debug|Any CPU
		{D6185685-2687-4EE6-A382-9385C8034824}.Release|Any CPU.ActiveCfg = Release|Any CPU
		{D6185685-2687-4EE6-A382-9385C8034824}.Release|Any CPU.Build.0 = Release|Any CPU
		{D6185685-2687-4EE6-A382-9385C8034824}.Release|ARM.ActiveCfg = Release|Any CPU
		{D6185685-2687-4EE6-A382-9385C8034824}.Release|ARM.Build.0 = Release|Any CPU
		{D6185685-2687-4EE6-A382-9385C8034824}.Release|x64.ActiveCfg = Release|Any CPU
		{D6185685-2687-4EE6-A382-9385C8034824}.Release|x64.Build.0 = Release|Any CPU
		{D6185685-2687-4EE6-A382-9385C8034824}.Release|x86.ActiveCfg = Release|Any CPU
		{D6185685-2687-4EE6-A382-9385C8034824}.Release|x86.Build.0 = Release|Any CPU
		{45913C25-E2F9-47BE-A892-0CCCD546182C}.Debug|Any CPU.ActiveCfg = Debug|Any CPU
		{45913C25-E2F9-47BE-A892-0CCCD546182C}.Debug|Any CPU.Build.0 = Debug|Any CPU
		{45913C25-E2F9-47BE-A892-0CCCD546182C}.Debug|ARM.ActiveCfg = Debug|Any CPU
		{45913C25-E2F9-47BE-A892-0CCCD546182C}.Debug|ARM.Build.0 = Debug|Any CPU
		{45913C25-E2F9-47BE-A892-0CCCD546182C}.Debug|x64.ActiveCfg = Debug|Any CPU
		{45913C25-E2F9-47BE-A892-0CCCD546182C}.Debug|x64.Build.0 = Debug|Any CPU
		{45913C25-E2F9-47BE-A892-0CCCD546182C}.Debug|x86.ActiveCfg = Debug|Any CPU
		{45913C25-E2F9-47BE-A892-0CCCD546182C}.Debug|x86.Build.0 = Debug|Any CPU
		{45913C25-E2F9-47BE-A892-0CCCD546182C}.Release|Any CPU.ActiveCfg = Release|Any CPU
		{45913C25-E2F9-47BE-A892-0CCCD546182C}.Release|Any CPU.Build.0 = Release|Any CPU
		{45913C25-E2F9-47BE-A892-0CCCD546182C}.Release|ARM.ActiveCfg = Release|Any CPU
		{45913C25-E2F9-47BE-A892-0CCCD546182C}.Release|ARM.Build.0 = Release|Any CPU
		{45913C25-E2F9-47BE-A892-0CCCD546182C}.Release|x64.ActiveCfg = Release|Any CPU
		{45913C25-E2F9-47BE-A892-0CCCD546182C}.Release|x64.Build.0 = Release|Any CPU
		{45913C25-E2F9-47BE-A892-0CCCD546182C}.Release|x86.ActiveCfg = Release|Any CPU
		{45913C25-E2F9-47BE-A892-0CCCD546182C}.Release|x86.Build.0 = Release|Any CPU
	EndGlobalSection
	GlobalSection(SolutionProperties) = preSolution
		HideSolutionNode = FALSE
	EndGlobalSection
EndGlobal
